<?xml version="1.0" encoding="utf-8"?>
<Project ToolsVersion="4.0" xmlns:atg="http://atg.xbox.com" xmlns="http://schemas.microsoft.com/developer/msbuild/2003">
  <ItemGroup>
    <Filter Include="Resource Files">
      <UniqueIdentifier>{8e114980-c1a3-4ada-ad7c-83caadf5daeb}</UniqueIdentifier>
      <Extensions>rc;ico;cur;bmp;dlg;rc2;rct;bin;rgs;gif;jpg;jpeg;jpe</Extensions>
    </Filter>
    <Filter Include="DXUT">
      <UniqueIdentifier>{a43c5c25-0e86-4a20-b64a-883785ff74fd}</UniqueIdentifier>
    </Filter>
    <Filter Include="Shaders">
      <UniqueIdentifier>{2c3d4c8c-5d1a-459a-a05a-a4e4b608a44e}</UniqueIdentifier>
      <Extensions>fx;fxh;hlsl</Extensions>
    </Filter>
    <Filter Include="imgui">
      <UniqueIdentifier>{6d519afa-504c-4982-a900-0d197e48809c}</UniqueIdentifier>
    </Filter>
    <Filter Include="imgui\include">
      <UniqueIdentifier>{6184b28d-758d-4d81-bd71-7c1bebd96287}</UniqueIdentifier>
    </Filter>
    <Filter Include="imgui\source">
      <UniqueIdentifier>{01a8afdd-06fc-4d6e-a1a2-39d2cac6ef00}</UniqueIdentifier>
    </Filter>
    <Filter Include="include">
      <UniqueIdentifier>{5f4688fd-d046-4df1-9f6b-1ab57fec78c7}</UniqueIdentifier>
    </Filter>
    <Filter Include="include\ECS">
      <UniqueIdentifier>{4826d5a5-6bdd-4b51-95ab-4694d4966f72}</UniqueIdentifier>
    </Filter>
    <Filter Include="include\Patterns">
      <UniqueIdentifier>{36b0a884-9a1c-4a88-8485-3489d7e4dd6f}</UniqueIdentifier>
    </Filter>
    <Filter Include="include\Utilities">
      <UniqueIdentifier>{ca355224-f61f-44b6-bb14-4370852a5f6b}</UniqueIdentifier>
    </Filter>
    <Filter Include="include\Utilities\Memory">
      <UniqueIdentifier>{5850e391-77ee-4592-9308-28ccac6e052d}</UniqueIdentifier>
    </Filter>
    <Filter Include="include\Utilities\Vector">
      <UniqueIdentifier>{05ca63b9-538c-4541-a0b0-d03d3df3d3d8}</UniqueIdentifier>
    </Filter>
    <Filter Include="source">
      <UniqueIdentifier>{ed2a5c87-88fb-40ef-832e-e7a8bc0da316}</UniqueIdentifier>
    </Filter>
    <Filter Include="source\ECS">
      <UniqueIdentifier>{acb036dd-c676-48b1-a889-b932dbc82eeb}</UniqueIdentifier>
    </Filter>
  </ItemGroup>
  <ItemGroup>
    <ClInclude Include="ImGui\imgui\imconfig.h">
      <Filter>imgui\include</Filter>
    </ClInclude>
    <ClInclude Include="ImGui\imgui\imgui.h">
      <Filter>imgui\include</Filter>
    </ClInclude>
    <ClInclude Include="ImGui\imgui\imgui_internal.h">
      <Filter>imgui\include</Filter>
    </ClInclude>
    <ClInclude Include="ImGui\imgui\imstb_rectpack.h">
      <Filter>imgui\include</Filter>
    </ClInclude>
    <ClInclude Include="ImGui\imgui\imstb_textedit.h">
      <Filter>imgui\include</Filter>
    </ClInclude>
    <ClInclude Include="ImGui\imgui\imstb_truetype.h">
      <Filter>imgui\include</Filter>
    </ClInclude>
    <ClInclude Include="ImGui\ImGuizmo\ImGuizmo.h">
      <Filter>imgui\include</Filter>
    </ClInclude>
    <ClInclude Include="ImGui\imgui\backends\imgui_impl_dx11.h">
      <Filter>imgui\source</Filter>
    </ClInclude>
    <ClInclude Include="ImGui\imgui\backends\imgui_impl_win32.h">
      <Filter>imgui\source</Filter>
    </ClInclude>
    <ClInclude Include="include\BaseApp.h">
      <Filter>include</Filter>
    </ClInclude>
    <ClInclude Include="include\Buffer.h">
      <Filter>include</Filter>
    </ClInclude>
    <ClInclude Include="include\DepthStencilView.h">
      <Filter>include</Filter>
    </ClInclude>
    <ClInclude Include="include\Device.h">
      <Filter>include</Filter>
    </ClInclude>
    <ClInclude Include="include\DeviceContext.h">
      <Filter>include</Filter>
    </ClInclude>
    <ClInclude Include="include\InputLayout.h">
      <Filter>include</Filter>
    </ClInclude>
    <ClInclude Include="include\RenderTargetView.h">
      <Filter>include</Filter>
    </ClInclude>
    <ClInclude Include="include\Resource.h">
      <Filter>include</Filter>
    </ClInclude>
    <ClInclude Include="include\SamplerState.h">
      <Filter>include</Filter>
    </ClInclude>
    <ClInclude Include="include\ShaderProgram.h">
      <Filter>include</Filter>
    </ClInclude>
    <ClInclude Include="include\SwapChain.h">
      <Filter>include</Filter>
    </ClInclude>
    <ClInclude Include="include\Texture.h">
      <Filter>include</Filter>
    </ClInclude>
    <ClInclude Include="include\Viewport.h">
      <Filter>include</Filter>
    </ClInclude>
    <ClInclude Include="include\Window.h">
      <Filter>include</Filter>
    </ClInclude>
    <ClInclude Include="include\ECS\Actor.h">
      <Filter>include\ECS</Filter>
    </ClInclude>
    <ClInclude Include="include\ECS\Component.h">
      <Filter>include\ECS</Filter>
    </ClInclude>
    <ClInclude Include="include\ECS\Entity.h">
      <Filter>include\ECS</Filter>
    </ClInclude>
    <ClInclude Include="include\ECS\Transform.h">
      <Filter>include\ECS</Filter>
    </ClInclude>
    <ClInclude Include="include\IResource.h">
      <Filter>include\Patterns</Filter>
    </ClInclude>
    <ClInclude Include="include\Model3D.h">
      <Filter>include\Utilities</Filter>
    </ClInclude>
    <ClInclude Include="include\MeshComponent.h">
      <Filter>include\Utilities</Filter>
    </ClInclude>
    <ClInclude Include="include\Prerequisites.h">
      <Filter>include\Utilities</Filter>
    </ClInclude>
    <ClInclude Include="include\ResourceManager.h">
      <Filter>include\Utilities</Filter>
    </ClInclude>
    <ClInclude Include="include\stb_image.h">
      <Filter>include\Utilities</Filter>
    </ClInclude>
    <ClInclude Include="include\EngineUtilities\Utilities\EngineMath.h">
      <Filter>include\Utilities</Filter>
    </ClInclude>
    <ClInclude Include="include\EngineUtilities\Memory\TSharedPointer.h">
      <Filter>include\Utilities\Memory</Filter>
    </ClInclude>
    <ClInclude Include="include\EngineUtilities\Memory\TStaticPtr.h">
      <Filter>include\Utilities\Memory</Filter>
    </ClInclude>
    <ClInclude Include="include\EngineUtilities\Memory\TUniquePtr.h">
      <Filter>include\Utilities\Memory</Filter>
    </ClInclude>
    <ClInclude Include="include\EngineUtilities\Memory\TWeakPointer.h">
      <Filter>include\Utilities\Memory</Filter>
    </ClInclude>
    <ClInclude Include="include\EngineUtilities\Vectors\Vector2.h">
      <Filter>include\Utilities\Vector</Filter>
    </ClInclude>
    <ClInclude Include="include\EngineUtilities\Vectors\Vector3.h">
      <Filter>include\Utilities\Vector</Filter>
    </ClInclude>
    <ClInclude Include="include\EngineUtilities\Vectors\Vector4.h">
      <Filter>include\Utilities\Vector</Filter>
    </ClInclude>
  </ItemGroup>
  <ItemGroup>
    <ClCompile Include="ImGui\ImGuizmo\ImGuizmo.cpp">
      <Filter>imgui\source</Filter>
    </ClCompile>
    <ClCompile Include="ImGui\imgui\imgui.cpp">
      <Filter>imgui\source</Filter>
    </ClCompile>
    <ClCompile Include="ImGui\imgui\imgui_demo.cpp">
      <Filter>imgui\source</Filter>
    </ClCompile>
    <ClCompile Include="ImGui\imgui\imgui_draw.cpp">
      <Filter>imgui\source</Filter>
    </ClCompile>
    <ClCompile Include="ImGui\imgui\imgui_tables.cpp">
      <Filter>imgui\source</Filter>
    </ClCompile>
    <ClCompile Include="ImGui\imgui\imgui_widgets.cpp">
      <Filter>imgui\source</Filter>
    </ClCompile>
    <ClCompile Include="ImGui\imgui\backends\imgui_impl_dx11.cpp">
      <Filter>imgui\source</Filter>
    </ClCompile>
    <ClCompile Include="ImGui\imgui\backends\imgui_impl_win32.cpp">
      <Filter>imgui\source</Filter>
    </ClCompile>
    <ClCompile Include="source\ECS\Actor.cpp">
      <Filter>source\ECS</Filter>
    </ClCompile>
    <ClCompile Include="source\BaseApp.cpp">
      <Filter>source</Filter>
    </ClCompile>
    <ClCompile Include="source\Buffer.cpp">
      <Filter>source</Filter>
    </ClCompile>
    <ClCompile Include="source\DepthStencilView.cpp">
      <Filter>source</Filter>
    </ClCompile>
    <ClCompile Include="source\Device.cpp">
      <Filter>source</Filter>
    </ClCompile>
    <ClCompile Include="source\DeviceContext.cpp">
      <Filter>source</Filter>
    </ClCompile>
    <ClCompile Include="source\InputLayout.cpp">
      <Filter>source</Filter>
    </ClCompile>
    <ClCompile Include="source\Model3D.cpp">
      <Filter>source</Filter>
    </ClCompile>
    <ClCompile Include="source\RenderTargetView.cpp">
      <Filter>source</Filter>
    </ClCompile>
    <ClCompile Include="source\SamplerState.cpp">
      <Filter>source</Filter>
    </ClCompile>
    <ClCompile Include="source\ShaderProgram.cpp">
      <Filter>source</Filter>
    </ClCompile>
    <ClCompile Include="source\SwapChain.cpp">
      <Filter>source</Filter>
    </ClCompile>
    <ClCompile Include="source\Texture.cpp">
      <Filter>source</Filter>
    </ClCompile>
    <ClCompile Include="source\Viewport.cpp">
      <Filter>source</Filter>
    </ClCompile>
    <ClCompile Include="source\Window.cpp">
      <Filter>source</Filter>
    </ClCompile>
  </ItemGroup>
  <ItemGroup>
    <None Include="PandoraCoreEngine.fx">
      <Filter>Shaders</Filter>
    </None>
  </ItemGroup>
  <ItemGroup>
    <ResourceCompile Include="PandoraCoreEngine.rc">
      <Filter>Resource Files</Filter>
    </ResourceCompile>
  </ItemGroup>
  <ItemGroup>
  </ItemGroup>
</Project>