<?xml version="1.0" encoding="utf-8"?>
<Project ToolsVersion="4.0" xmlns:atg="http://atg.xbox.com" xmlns="http://schemas.microsoft.com/developer/msbuild/2003">
  <ItemGroup>
    <Filter Include="Resource Files">
      <UniqueIdentifier>{8e114980-c1a3-4ada-ad7c-83caadf5daeb}</UniqueIdentifier>
      <Extensions>rc;ico;cur;bmp;dlg;rc2;rct;bin;rgs;gif;jpg;jpeg;jpe</Extensions>
    </Filter>
    <Filter Include="DXUT">
      <UniqueIdentifier>{a43c5c25-0e86-4a20-b64a-883785ff74fd}</UniqueIdentifier>
    </Filter>
    <Filter Include="Shaders">
      <UniqueIdentifier>{2c3d4c8c-5d1a-459a-a05a-a4e4b608a44e}</UniqueIdentifier>
      <Extensions>fx;fxh;hlsl</Extensions>
    </Filter>
    <Filter Include="include">
      <UniqueIdentifier>{e6339ede-5e9c-4980-895c-56168345a11d}</UniqueIdentifier>
    </Filter>
    <Filter Include="source">
      <UniqueIdentifier>{8f81217d-7110-44db-b12a-c26ecb507597}</UniqueIdentifier>
    </Filter>
    <Filter Include="include\Pattems">
      <UniqueIdentifier>{cb4531d8-d469-44b8-b284-9e7f6ebbab04}</UniqueIdentifier>
    </Filter>
    <Filter Include="include\ECS">
      <UniqueIdentifier>{c76a1056-183b-4d2b-affb-972a14d9a38e}</UniqueIdentifier>
    </Filter>
    <Filter Include="include\EngineUtilities">
      <UniqueIdentifier>{b4d8b712-6511-439b-9d05-4c4bed0f1eb4}</UniqueIdentifier>
    </Filter>
    <Filter Include="include\EngineUtilities\Matrix">
      <UniqueIdentifier>{17f4ce3a-9563-4f9e-b8aa-c73b616563c7}</UniqueIdentifier>
    </Filter>
    <Filter Include="include\EngineUtilities\Memory">
      <UniqueIdentifier>{8779633c-e43d-4488-8ac1-ff2563867765}</UniqueIdentifier>
    </Filter>
    <Filter Include="include\EngineUtilities\Structures">
      <UniqueIdentifier>{753c8bfa-a87e-410c-888e-ae3aac0efaad}</UniqueIdentifier>
    </Filter>
    <Filter Include="include\EngineUtilities\Utilities">
      <UniqueIdentifier>{596dd9b5-2f8d-4797-8fe5-0b3d1279575f}</UniqueIdentifier>
    </Filter>
    <Filter Include="include\EngineUtilities\Vectors">
      <UniqueIdentifier>{87cb744b-5c86-4837-be94-1d2a8e5838a0}</UniqueIdentifier>
    </Filter>
  </ItemGroup>
  <ItemGroup>
    <ClInclude Include="include\window.h">
      <Filter>include</Filter>
    </ClInclude>
    <ClInclude Include="include\Prerequisites.h">
      <Filter>include</Filter>
    </ClInclude>
    <ClInclude Include="include\Device.h">
      <Filter>include</Filter>
    </ClInclude>
    <ClInclude Include="include\DeviceContext.h">
      <Filter>include</Filter>
    </ClInclude>
    <ClInclude Include="include\SwapChain.h">
      <Filter>include</Filter>
    </ClInclude>
    <ClInclude Include="include\Texture.h">
      <Filter>include</Filter>
    </ClInclude>
    <ClInclude Include="include\RenderTargetView.h">
      <Filter>include</Filter>
    </ClInclude>
    <ClInclude Include="include\DepthStencilView.h">
      <Filter>include</Filter>
    </ClInclude>
    <ClInclude Include="include\Viewport.h">
      <Filter>include</Filter>
    </ClInclude>
    <ClInclude Include="include\InputLayout.h">
      <Filter>include</Filter>
    </ClInclude>
    <ClInclude Include="include\ShaderProgram.h">
      <Filter>include</Filter>
    </ClInclude>
    <ClInclude Include="include\Buffer.h">
      <Filter>include</Filter>
    </ClInclude>
    <ClInclude Include="include\MeshComponent.h">
      <Filter>include</Filter>
    </ClInclude>
    <ClInclude Include="include\SamplerState.h">
      <Filter>include</Filter>
    </ClInclude>
    <ClInclude Include="include\BaseApp.h">
      <Filter>include</Filter>
    </ClInclude>
    <ClInclude Include="include\Model3D.h">
      <Filter>include</Filter>
    </ClInclude>
    <ClInclude Include="include\IResource.h">
      <Filter>include\Pattems</Filter>
    </ClInclude>
    <ClInclude Include="include\ResourceManager.h">
      <Filter>include</Filter>
    </ClInclude>
    <ClInclude Include="include\ECS\Actor.h">
      <Filter>include\ECS</Filter>
    </ClInclude>
    <ClInclude Include="include\ECS\Component.h">
      <Filter>include\ECS</Filter>
    </ClInclude>
    <ClInclude Include="include\ECS\Entity.h">
      <Filter>include\ECS</Filter>
    </ClInclude>
    <ClInclude Include="include\ECS\Transform.h">
      <Filter>include\ECS</Filter>
    </ClInclude>
    <ClInclude Include="include\EngineUtilities\Matrix\Matrix2x2.h">
      <Filter>include\EngineUtilities\Matrix</Filter>
    </ClInclude>
    <ClInclude Include="include\EngineUtilities\Matrix\Matrix3x3.h">
      <Filter>include\EngineUtilities\Matrix</Filter>
    </ClInclude>
    <ClInclude Include="include\EngineUtilities\Matrix\Matrix4x4.h">
      <Filter>include\EngineUtilities\Matrix</Filter>
    </ClInclude>
    <ClInclude Include="include\EngineUtilities\Memory\TSharedPointer.h">
      <Filter>include\EngineUtilities\Memory</Filter>
    </ClInclude>
    <ClInclude Include="include\EngineUtilities\Memory\TStaticPtr.h">
      <Filter>include\EngineUtilities\Memory</Filter>
    </ClInclude>
    <ClInclude Include="include\EngineUtilities\Memory\TUniquePtr.h">
      <Filter>include\EngineUtilities\Memory</Filter>
    </ClInclude>
    <ClInclude Include="include\EngineUtilities\Memory\TWeakPointer.h">
      <Filter>include\EngineUtilities\Memory</Filter>
    </ClInclude>
    <ClInclude Include="include\EngineUtilities\Vectors\Quaternion.h">
      <Filter>include\EngineUtilities\Vectors</Filter>
    </ClInclude>
    <ClInclude Include="include\EngineUtilities\Vectors\Vector2.h">
      <Filter>include\EngineUtilities\Vectors</Filter>
    </ClInclude>
    <ClInclude Include="include\EngineUtilities\Vectors\Vector3.h">
      <Filter>include\EngineUtilities\Vectors</Filter>
    </ClInclude>
    <ClInclude Include="include\EngineUtilities\Vectors\Vector4.h">
      <Filter>include\EngineUtilities\Vectors</Filter>
    </ClInclude>
    <ClInclude Include="include\EngineUtilities\Utilities\EngineMath.h">
      <Filter>include\EngineUtilities\Utilities</Filter>
    </ClInclude>
    <ClInclude Include="include\EngineUtilities\Structures\TArray.h">
      <Filter>include\EngineUtilities\Structures</Filter>
    </ClInclude>
    <ClInclude Include="include\EngineUtilities\Structures\TMap.h">
      <Filter>include\EngineUtilities\Structures</Filter>
    </ClInclude>
    <ClInclude Include="include\EngineUtilities\Structures\TPair.h">
      <Filter>include\EngineUtilities\Structures</Filter>
    </ClInclude>
    <ClInclude Include="include\EngineUtilities\Structures\TSet.h">
      <Filter>include\EngineUtilities\Structures</Filter>
    </ClInclude>
    <ClInclude Include="include\Resource.h">
      <Filter>include</Filter>
    </ClInclude>
  </ItemGroup>
  <ItemGroup>
    <ClCompile Include="source\Window.cpp">
      <Filter>source</Filter>
    </ClCompile>
    <ClCompile Include="source\Device.cpp">
      <Filter>source</Filter>
    </ClCompile>
    <ClCompile Include="PandoraCoreEngine.cpp">
      <Filter>source</Filter>
    </ClCompile>
    <ClCompile Include="source\DeviceContext.cpp">
      <Filter>source</Filter>
    </ClCompile>
    <ClCompile Include="source\Texture.cpp">
      <Filter>source</Filter>
    </ClCompile>
    <ClCompile Include="source\SwapChain.cpp">
      <Filter>source</Filter>
    </ClCompile>
    <ClCompile Include="source\RenderTargetView.cpp">
      <Filter>source</Filter>
    </ClCompile>
    <ClCompile Include="source\DepthStencilView.cpp">
      <Filter>source</Filter>
    </ClCompile>
    <ClCompile Include="source\Viewport.cpp">
      <Filter>source</Filter>
    </ClCompile>
    <ClCompile Include="source\InputLayout.cpp">
      <Filter>source</Filter>
    </ClCompile>
    <ClCompile Include="source\ShaderProgram.cpp">
      <Filter>source</Filter>
    </ClCompile>
    <ClCompile Include="source\Buffer.cpp">
      <Filter>source</Filter>
    </ClCompile>
    <ClCompile Include="source\SamplerState.cpp">
      <Filter>source</Filter>
    </ClCompile>
    <ClCompile Include="source\BaseApp.cpp">
      <Filter>source</Filter>
    </ClCompile>
    <ClCompile Include="source\Model3D.cpp">
      <Filter>source</Filter>
    </ClCompile>
  </ItemGroup>
  <ItemGroup>
    <None Include="PandoraCoreEngine.fx">
      <Filter>Shaders</Filter>
    </None>
  </ItemGroup>
  <ItemGroup>
    <ResourceCompile Include="PandoraCoreEngine.rc">
      <Filter>Resource Files</Filter>
    </ResourceCompile>
  </ItemGroup>
  <ItemGroup>
  </ItemGroup>
</Project>